<?xml version="1.0" encoding="UTF-8" standalone="yes" ?>
<CodeBlocks_project_file>
	<FileVersion major="1" minor="6" />
	<Project>
		<Option title="mu" />
		<Option pch_mode="2" />
		<Option compiler="gcc" />
		<Build>
			<Target title="Debug">
				<Option output="bin\Debug\mu" prefix_auto="1" extension_auto="1" />
				<Option object_output="obj\Debug\" />
				<Option type="1" />
				<Option compiler="gcc" />
				<Compiler>
					<Add option="-std=c++0x" />
					<Add option="-Wall" />
					<Add option="-g" />
				</Compiler>
			</Target>
			<Target title="Release">
				<Option output="bin\Release\mu" prefix_auto="1" extension_auto="1" />
				<Option object_output="obj\Release\" />
				<Option type="1" />
				<Option compiler="gcc" />
				<Compiler>
					<Add option="-O2" />
				</Compiler>
				<Linker>
					<Add option="-s" />
				</Linker>
			</Target>
		</Build>
		<Compiler>
			<Add option="-std=c++0x" />
			<Add option="-Wall" />
			<Add option="-fexceptions" />
			<Add directory=".." />
		</Compiler>
		<Linker>
			<Add option="-enable-auto-import" />
			<Add library="pthreadGCE2" />
			<Add library="stdc++thread" />
			<Add directory="..\..\stdc++thread\Release" />
		</Linker>
		<Unit filename="field\common.hpp" />
		<Unit filename="field\extract.hpp" />
		<Unit filename="formatted_test.cpp" />
		<Unit filename="level.hpp" />
		<Unit filename="logger.hpp" />
		<Unit filename="macro.hpp" />
		<Unit filename="main.cpp" />
		<Unit filename="mu.hpp" />
		<Unit filename="platform.hpp" />
		<Unit filename="reader\basic_reader.hpp" />
		<Unit filename="reader\formatted_reader.hpp" />
		<Unit filename="record.hpp" />
		<Unit filename="record\formatted_record.hpp" />
		<Unit filename="simple_test.cpp" />
		<Unit filename="sink.hpp" />
		<Unit filename="sink\console.hpp" />
		<Unit filename="sink\null.hpp" />
		<Unit filename="sink\simple_file.hpp" />
		<Unit filename="string_type.hpp" />
		<Unit filename="threaded_writer_test.cpp" />
		<Unit filename="writer\basic_writer.hpp" />
		<Unit filename="writer\formatted_writer.hpp" />
		<Unit filename="writer\null_writer.hpp" />
		<Unit filename="writer\threaded_writer.hpp" />
		<Extensions>
			<code_completion />
			<debugger />
			<wxsmith version="1">
				<gui name="wxWidgets" src="" main="" init_handlers="necessary" language="CPP" />
			</wxsmith>
		</Extensions>
	</Project>
</CodeBlocks_project_file>
